<?xml version="1.0" encoding="utf-8"?>
<Project ToolsVersion="4.0" xmlns="http://schemas.microsoft.com/developer/msbuild/2003">
  <ItemGroup>
    <ClCompile Include="Control.c">
      <Filter>Source Files</Filter>
    </ClCompile>
    <ClCompile Include="Init.c">
      <Filter>Source Files</Filter>
    </ClCompile>
    <ClCompile Include="IsrDpc.c">
      <Filter>Source Files</Filter>
    </ClCompile>
    <ClCompile Include="precompsrc.c">
      <Filter>Source Files</Filter>
    </ClCompile>
    <ClCompile Include="Read.c">
      <Filter>Source Files</Filter>
    </ClCompile>
    <ClCompile Include="Write.c">
      <Filter>Source Files</Filter>
    </ClCompile>
    <ClCompile Include="MotionControlPCI.c">
      <Filter>Source Files</Filter>
    </ClCompile>
  </ItemGroup>
  <ItemGroup>
    <ClInclude Include="Private.h">
      <Filter>Header Files</Filter>
    </ClInclude>
    <ClInclude Include="Public.h">
      <Filter>Header Files</Filter>
    </ClInclude>
    <ClInclude Include="trace.h">
      <Filter>Header Files</Filter>
    </ClInclude>
    <ClInclude Include="Precomp.h">
      <Filter>Header Files</Filter>
    </ClInclude>
  </ItemGroup>
  <ItemGroup>
    <Filter Include="Resource Files">
      <UniqueIdentifier>{703ac7e9-3bd0-4525-8dbd-b8bfc6070601}</UniqueIdentifier>
    </Filter>
    <Filter Include="Source Files">
      <UniqueIdentifier>{b526a0e5-8b41-48b0-a57c-5245b423a367}</UniqueIdentifier>
    </Filter>
    <Filter Include="Header Files">
      <UniqueIdentifier>{b856c34d-9c3c-4405-b0b7-70e7a2c1c4e4}</UniqueIdentifier>
    </Filter>
    <Filter Include="Driver Files">
      <UniqueIdentifier>{bd1fcf05-7b30-4888-a334-c39d2b7ebe01}</UniqueIdentifier>
    </Filter>
  </ItemGroup>
  <ItemGroup>
    <Inf Include="MotionControlPCI.inx">
      <Filter>Driver Files</Filter>
    </Inf>
  </ItemGroup>
</Project>