
Microsoft Visual Studio Solution File, Format Version 9.00
# Visual Studio 2005
Project("{FAE04EC0-301F-11D3-BF4B-00C04F79EFBC}") = "MCT8132P Gantry", "MCT8132P Gantry\MCT8132P Gantry.csproj", "{95C18F99-5352-45E5-B6E6-937D9E1356DF}"
EndProject
Global
	GlobalSection(SolutionConfigurationPlatforms) = preSolution
		Debug|Any CPU = Debug|Any CPU
		Release|Any CPU = Release|Any CPU
	EndGlobalSection
	GlobalSection(ProjectConfigurationPlatforms) = postSolution
		{95C18F99-5352-45E5-B6E6-937D9E1356DF}.Debug|Any CPU.ActiveCfg = Debug|Any CPU
		{95C18F99-5352-45E5-B6E6-937D9E1356DF}.Debug|Any CPU.Build.0 = Debug|Any CPU
		{95C18F99-5352-45E5-B6E6-937D9E1356DF}.Release|Any CPU.ActiveCfg = Release|Any CPU
		{95C18F99-5352-45E5-B6E6-937D9E1356DF}.Release|Any CPU.Build.0 = Release|Any CPU
	EndGlobalSection
	GlobalSection(SolutionProperties) = preSolution
		HideSolutionNode = FALSE
	EndGlobalSection
EndGlobal
