
Microsoft Visual Studio Solution File, Format Version 12.00
# Visual Studio Version 17
VisualStudioVersion = 17.0.32112.339
MinimumVisualStudioVersion = 10.0.40219.1
Project("{FAE04EC0-301F-11D3-BF4B-00C04F79EFBC}") = "物件導向程式設計", "物件導向程式設計\物件導向程式設計.csproj", "{2A5329C7-2BAA-4EF9-9B9D-F6E13B19E562}"
EndProject
Global
	GlobalSection(SolutionConfigurationPlatforms) = preSolution
		Debug|Any CPU = Debug|Any CPU
		Release|Any CPU = Release|Any CPU
	EndGlobalSection
	GlobalSection(ProjectConfigurationPlatforms) = postSolution
		{2A5329C7-2BAA-4EF9-9B9D-F6E13B19E562}.Debug|Any CPU.ActiveCfg = Debug|Any CPU
		{2A5329C7-2BAA-4EF9-9B9D-F6E13B19E562}.Debug|Any CPU.Build.0 = Debug|Any CPU
		{2A5329C7-2BAA-4EF9-9B9D-F6E13B19E562}.Release|Any CPU.ActiveCfg = Release|Any CPU
		{2A5329C7-2BAA-4EF9-9B9D-F6E13B19E562}.Release|Any CPU.Build.0 = Release|Any CPU
	EndGlobalSection
	GlobalSection(SolutionProperties) = preSolution
		HideSolutionNode = FALSE
	EndGlobalSection
	GlobalSection(ExtensibilityGlobals) = postSolution
		SolutionGuid = {7850869E-8CC4-4941-AA68-9C8CE7C5C676}
	EndGlobalSection
EndGlobal
